{
  "name": "tests",
  "version": "1.0.0",
  "lockfileVersion": 2,
  "requires": true,
  "packages": {
    "": {
      "name": "tests",
      "version": "1.0.0",
      "license": "ISC",
      "dependencies": {
        "google-news-sitemap": "file:.."
      }
    },
    "..": {
      "version": "1.0.4-37-efa7f34",
      "license": "MIT",
      "dependencies": {
        "moment": "^2.29.1",
        "tslib": "^2.3.1",
        "xmlbuilder": "^15.1.1"
      },
      "devDependencies": {
        "@types/cross-spawn": "^6.0.2",
        "@typescript-eslint/eslint-plugin": "^5.29.0",
        "@typescript-eslint/parser": "^5.7.0",
        "cross-spawn": "^7.0.3",
        "eslint": "^8.18.0",
        "eslint-config-prettier": "^8.3.0",
        "eslint-plugin-prettier": "^4.0.0",
        "prettier": "^2.7.1",
        "ts-node": "^10.4.0",
        "typescript": "^4.7.4"
      }
    },
    "node_modules/google-news-sitemap": {
      "resolved": "..",
      "link": true
    }
  },
  "dependencies": {
    "google-news-sitemap": {
      "version": "file:..",
      "requires": {
        "@types/cross-spawn": "^6.0.2",
        "@typescript-eslint/eslint-plugin": "^5.29.0",
        "@typescript-eslint/parser": "^5.7.0",
        "cross-spawn": "^7.0.3",
        "eslint": "^8.18.0",
        "eslint-config-prettier": "^8.3.0",
        "eslint-plugin-prettier": "^4.0.0",
        "moment": "^2.29.1",
        "prettier": "^2.7.1",
        "ts-node": "^10.4.0",
        "tslib": "^2.3.1",
        "typescript": "^4.7.4",
        "xmlbuilder": "^15.1.1"
      }
    }
  }
}
